{
  "name": "tiktok-backend",
  "version": "1.0.0",
  "lockfileVersion": 2,
  "requires": true,
  "packages": {
    "": {
      "name": "tiktok-backend",
      "version": "1.0.0",
      "license": "ISC",
      "dependencies": {
        "express-mongoose": "^0.1.0"
      }
    },
    "node_modules/express-mongoose": {
      "version": "0.1.0",
      "resolved": "https://registry.npmjs.org/express-mongoose/-/express-mongoose-0.1.0.tgz",
      "integrity": "sha512-G3W2h7HFhAgsRl5kI3ozYlm2xxrDbWSs3rk1Ac7JbuHckjucaCZkOx0CY2gBh51ik+vRzGEq0SqkQ8Fm8vYXbw==",
      "dependencies": {
        "sliced": "0.0.3"
      },
      "engines": {
        "node": ">= 0.2.0"
      }
    },
    "node_modules/sliced": {
      "version": "0.0.3",
      "resolved": "https://registry.npmjs.org/sliced/-/sliced-0.0.3.tgz",
      "integrity": "sha512-AmeFkgjjjyCrbwRII/3ZGLG0A0aUeAy2AdM2ASZoJsrOWIwFMpoUWNp+SQ7JMHLWzvps2gf/kEaNVmkHj6oLUg=="
    }
  },
  "dependencies": {
    "express-mongoose": {
      "version": "0.1.0",
      "resolved": "https://registry.npmjs.org/express-mongoose/-/express-mongoose-0.1.0.tgz",
      "integrity": "sha512-G3W2h7HFhAgsRl5kI3ozYlm2xxrDbWSs3rk1Ac7JbuHckjucaCZkOx0CY2gBh51ik+vRzGEq0SqkQ8Fm8vYXbw==",
      "requires": {
        "sliced": "0.0.3"
      }
    },
    "sliced": {
      "version": "0.0.3",
      "resolved": "https://registry.npmjs.org/sliced/-/sliced-0.0.3.tgz",
      "integrity": "sha512-AmeFkgjjjyCrbwRII/3ZGLG0A0aUeAy2AdM2ASZoJsrOWIwFMpoUWNp+SQ7JMHLWzvps2gf/kEaNVmkHj6oLUg=="
    }
  }
}
